// !$*UTF8*$!
{
	archiveVersion = 1;
	classes = {
	};
	objectVersion = 50;
	objects = {

/* Begin PBXBuildFile section */
		4AF60A2323CE9998002BE3C8 /* AppDelegate.swift in Sources */ = {isa = PBXBuildFile; fileRef = 4AF60A2223CE9998002BE3C8 /* AppDelegate.swift */; };
		4AF60A2523CE9998002BE3C8 /* SceneDelegate.swift in Sources */ = {isa = PBXBuildFile; fileRef = 4AF60A2423CE9998002BE3C8 /* SceneDelegate.swift */; };
		4AF60A2C23CE9999002BE3C8 /* Assets.xcassets in Resources */ = {isa = PBXBuildFile; fileRef = 4AF60A2B23CE9999002BE3C8 /* Assets.xcassets */; };
		4AF60A2F23CE9999002BE3C8 /* LaunchScreen.storyboard in Resources */ = {isa = PBXBuildFile; fileRef = 4AF60A2D23CE9999002BE3C8 /* LaunchScreen.storyboard */; };
		4AF60A3A23CE9999002BE3C8 /* Deviget_ChallengeTests.swift in Sources */ = {isa = PBXBuildFile; fileRef = 4AF60A3923CE9999002BE3C8 /* Deviget_ChallengeTests.swift */; };
		4AF60A4523CE9999002BE3C8 /* Deviget_ChallengeUITests.swift in Sources */ = {isa = PBXBuildFile; fileRef = 4AF60A4423CE9999002BE3C8 /* Deviget_ChallengeUITests.swift */; };
		4AF60A5523CEA6B0002BE3C8 /* ApplicationCoordinator.swift in Sources */ = {isa = PBXBuildFile; fileRef = 4AF60A5423CEA6B0002BE3C8 /* ApplicationCoordinator.swift */; };
		4AF60A5B23CEA7FA002BE3C8 /* Coordinator.swift in Sources */ = {isa = PBXBuildFile; fileRef = 4AF60A5A23CEA7FA002BE3C8 /* Coordinator.swift */; };
		4AF60A5E23CEA887002BE3C8 /* PostListViewController.swift in Sources */ = {isa = PBXBuildFile; fileRef = 4AF60A5D23CEA887002BE3C8 /* PostListViewController.swift */; };
		4AF60A6023CEA895002BE3C8 /* PostListViewController.storyboard in Resources */ = {isa = PBXBuildFile; fileRef = 4AF60A5F23CEA895002BE3C8 /* PostListViewController.storyboard */; };
		4AF60A6223CEA8B2002BE3C8 /* PostListViewModel.swift in Sources */ = {isa = PBXBuildFile; fileRef = 4AF60A6123CEA8B2002BE3C8 /* PostListViewModel.swift */; };
		4AF60A6423CEA8BE002BE3C8 /* PostListCoordinator.swift in Sources */ = {isa = PBXBuildFile; fileRef = 4AF60A6323CEA8BE002BE3C8 /* PostListCoordinator.swift */; };
		4AF60A6723CEAE89002BE3C8 /* DataManager.swift in Sources */ = {isa = PBXBuildFile; fileRef = 4AF60A6623CEAE89002BE3C8 /* DataManager.swift */; };
		4AF60A6923CEAEC3002BE3C8 /* top.json in Resources */ = {isa = PBXBuildFile; fileRef = 4AF60A6823CEAEC3002BE3C8 /* top.json */; };
		4AF60A6C23CEAEF8002BE3C8 /* RedditResponse.swift in Sources */ = {isa = PBXBuildFile; fileRef = 4AF60A6B23CEAEF8002BE3C8 /* RedditResponse.swift */; };
		4AF60A6E23CEAF1B002BE3C8 /* TopPostData.swift in Sources */ = {isa = PBXBuildFile; fileRef = 4AF60A6D23CEAF1B002BE3C8 /* TopPostData.swift */; };
		4AF60A7023CEAF34002BE3C8 /* TopPostChildren.swift in Sources */ = {isa = PBXBuildFile; fileRef = 4AF60A6F23CEAF34002BE3C8 /* TopPostChildren.swift */; };
		4AF60A7223CEAF4A002BE3C8 /* Post.swift in Sources */ = {isa = PBXBuildFile; fileRef = 4AF60A7123CEAF4A002BE3C8 /* Post.swift */; };
/* End PBXBuildFile section */

/* Begin PBXContainerItemProxy section */
		4AF60A3623CE9999002BE3C8 /* PBXContainerItemProxy */ = {
			isa = PBXContainerItemProxy;
			containerPortal = 4AF60A1723CE9998002BE3C8 /* Project object */;
			proxyType = 1;
			remoteGlobalIDString = 4AF60A1E23CE9998002BE3C8;
			remoteInfo = "Deviget-Challenge";
		};
		4AF60A4123CE9999002BE3C8 /* PBXContainerItemProxy */ = {
			isa = PBXContainerItemProxy;
			containerPortal = 4AF60A1723CE9998002BE3C8 /* Project object */;
			proxyType = 1;
			remoteGlobalIDString = 4AF60A1E23CE9998002BE3C8;
			remoteInfo = "Deviget-Challenge";
		};
/* End PBXContainerItemProxy section */

/* Begin PBXFileReference section */
		4AF60A1F23CE9998002BE3C8 /* Deviget-Challenge.app */ = {isa = PBXFileReference; explicitFileType = wrapper.application; includeInIndex = 0; path = "Deviget-Challenge.app"; sourceTree = BUILT_PRODUCTS_DIR; };
		4AF60A2223CE9998002BE3C8 /* AppDelegate.swift */ = {isa = PBXFileReference; lastKnownFileType = sourcecode.swift; path = AppDelegate.swift; sourceTree = "<group>"; };
		4AF60A2423CE9998002BE3C8 /* SceneDelegate.swift */ = {isa = PBXFileReference; lastKnownFileType = sourcecode.swift; path = SceneDelegate.swift; sourceTree = "<group>"; };
		4AF60A2B23CE9999002BE3C8 /* Assets.xcassets */ = {isa = PBXFileReference; lastKnownFileType = folder.assetcatalog; path = Assets.xcassets; sourceTree = "<group>"; };
		4AF60A2E23CE9999002BE3C8 /* Base */ = {isa = PBXFileReference; lastKnownFileType = file.storyboard; name = Base; path = Base.lproj/LaunchScreen.storyboard; sourceTree = "<group>"; };
		4AF60A3023CE9999002BE3C8 /* Info.plist */ = {isa = PBXFileReference; lastKnownFileType = text.plist.xml; path = Info.plist; sourceTree = "<group>"; };
		4AF60A3523CE9999002BE3C8 /* Deviget-ChallengeTests.xctest */ = {isa = PBXFileReference; explicitFileType = wrapper.cfbundle; includeInIndex = 0; path = "Deviget-ChallengeTests.xctest"; sourceTree = BUILT_PRODUCTS_DIR; };
		4AF60A3923CE9999002BE3C8 /* Deviget_ChallengeTests.swift */ = {isa = PBXFileReference; lastKnownFileType = sourcecode.swift; path = Deviget_ChallengeTests.swift; sourceTree = "<group>"; };
		4AF60A3B23CE9999002BE3C8 /* Info.plist */ = {isa = PBXFileReference; lastKnownFileType = text.plist.xml; path = Info.plist; sourceTree = "<group>"; };
		4AF60A4023CE9999002BE3C8 /* Deviget-ChallengeUITests.xctest */ = {isa = PBXFileReference; explicitFileType = wrapper.cfbundle; includeInIndex = 0; path = "Deviget-ChallengeUITests.xctest"; sourceTree = BUILT_PRODUCTS_DIR; };
		4AF60A4423CE9999002BE3C8 /* Deviget_ChallengeUITests.swift */ = {isa = PBXFileReference; lastKnownFileType = sourcecode.swift; path = Deviget_ChallengeUITests.swift; sourceTree = "<group>"; };
		4AF60A4623CE9999002BE3C8 /* Info.plist */ = {isa = PBXFileReference; lastKnownFileType = text.plist.xml; path = Info.plist; sourceTree = "<group>"; };
		4AF60A5423CEA6B0002BE3C8 /* ApplicationCoordinator.swift */ = {isa = PBXFileReference; fileEncoding = 4; lastKnownFileType = sourcecode.swift; path = ApplicationCoordinator.swift; sourceTree = "<group>"; };
		4AF60A5A23CEA7FA002BE3C8 /* Coordinator.swift */ = {isa = PBXFileReference; lastKnownFileType = sourcecode.swift; path = Coordinator.swift; sourceTree = "<group>"; };
		4AF60A5D23CEA887002BE3C8 /* PostListViewController.swift */ = {isa = PBXFileReference; lastKnownFileType = sourcecode.swift; path = PostListViewController.swift; sourceTree = "<group>"; };
		4AF60A5F23CEA895002BE3C8 /* PostListViewController.storyboard */ = {isa = PBXFileReference; lastKnownFileType = file.storyboard; path = PostListViewController.storyboard; sourceTree = "<group>"; };
		4AF60A6123CEA8B2002BE3C8 /* PostListViewModel.swift */ = {isa = PBXFileReference; lastKnownFileType = sourcecode.swift; path = PostListViewModel.swift; sourceTree = "<group>"; };
		4AF60A6323CEA8BE002BE3C8 /* PostListCoordinator.swift */ = {isa = PBXFileReference; lastKnownFileType = sourcecode.swift; path = PostListCoordinator.swift; sourceTree = "<group>"; };
		4AF60A6623CEAE89002BE3C8 /* DataManager.swift */ = {isa = PBXFileReference; lastKnownFileType = sourcecode.swift; path = DataManager.swift; sourceTree = "<group>"; };
		4AF60A6823CEAEC3002BE3C8 /* top.json */ = {isa = PBXFileReference; fileEncoding = 4; lastKnownFileType = text.json; path = top.json; sourceTree = "<group>"; };
		4AF60A6B23CEAEF8002BE3C8 /* RedditResponse.swift */ = {isa = PBXFileReference; lastKnownFileType = sourcecode.swift; path = RedditResponse.swift; sourceTree = "<group>"; };
		4AF60A6D23CEAF1B002BE3C8 /* TopPostData.swift */ = {isa = PBXFileReference; lastKnownFileType = sourcecode.swift; path = TopPostData.swift; sourceTree = "<group>"; };
		4AF60A6F23CEAF34002BE3C8 /* TopPostChildren.swift */ = {isa = PBXFileReference; lastKnownFileType = sourcecode.swift; path = TopPostChildren.swift; sourceTree = "<group>"; };
		4AF60A7123CEAF4A002BE3C8 /* Post.swift */ = {isa = PBXFileReference; lastKnownFileType = sourcecode.swift; path = Post.swift; sourceTree = "<group>"; };
/* End PBXFileReference section */

/* Begin PBXFrameworksBuildPhase section */
		4AF60A1C23CE9998002BE3C8 /* Frameworks */ = {
			isa = PBXFrameworksBuildPhase;
			buildActionMask = 2147483647;
			files = (
			);
			runOnlyForDeploymentPostprocessing = 0;
		};
		4AF60A3223CE9999002BE3C8 /* Frameworks */ = {
			isa = PBXFrameworksBuildPhase;
			buildActionMask = 2147483647;
			files = (
			);
			runOnlyForDeploymentPostprocessing = 0;
		};
		4AF60A3D23CE9999002BE3C8 /* Frameworks */ = {
			isa = PBXFrameworksBuildPhase;
			buildActionMask = 2147483647;
			files = (
			);
			runOnlyForDeploymentPostprocessing = 0;
		};
/* End PBXFrameworksBuildPhase section */

/* Begin PBXGroup section */
		4AF60A1623CE9998002BE3C8 = {
			isa = PBXGroup;
			children = (
				4AF60A2123CE9998002BE3C8 /* Deviget-Challenge */,
				4AF60A3823CE9999002BE3C8 /* Deviget-ChallengeTests */,
				4AF60A4323CE9999002BE3C8 /* Deviget-ChallengeUITests */,
				4AF60A2023CE9998002BE3C8 /* Products */,
			);
			sourceTree = "<group>";
		};
		4AF60A2023CE9998002BE3C8 /* Products */ = {
			isa = PBXGroup;
			children = (
				4AF60A1F23CE9998002BE3C8 /* Deviget-Challenge.app */,
				4AF60A3523CE9999002BE3C8 /* Deviget-ChallengeTests.xctest */,
				4AF60A4023CE9999002BE3C8 /* Deviget-ChallengeUITests.xctest */,
			);
			name = Products;
			sourceTree = "<group>";
		};
		4AF60A2123CE9998002BE3C8 /* Deviget-Challenge */ = {
			isa = PBXGroup;
			children = (
				4AF60A6A23CEAED8002BE3C8 /* Model */,
				4AF60A5223CE99ED002BE3C8 /* Application */,
				4AF60A5923CEA7EB002BE3C8 /* Protocols */,
				4AF60A5C23CEA831002BE3C8 /* PostList */,
				4AF60A6523CEAE79002BE3C8 /* Helpers */,
				4AF60A5323CE9A3F002BE3C8 /* Supporting Files */,
			);
			path = "Deviget-Challenge";
			sourceTree = "<group>";
		};
		4AF60A3823CE9999002BE3C8 /* Deviget-ChallengeTests */ = {
			isa = PBXGroup;
			children = (
				4AF60A3923CE9999002BE3C8 /* Deviget_ChallengeTests.swift */,
				4AF60A3B23CE9999002BE3C8 /* Info.plist */,
			);
			path = "Deviget-ChallengeTests";
			sourceTree = "<group>";
		};
		4AF60A4323CE9999002BE3C8 /* Deviget-ChallengeUITests */ = {
			isa = PBXGroup;
			children = (
				4AF60A4423CE9999002BE3C8 /* Deviget_ChallengeUITests.swift */,
				4AF60A4623CE9999002BE3C8 /* Info.plist */,
			);
			path = "Deviget-ChallengeUITests";
			sourceTree = "<group>";
		};
		4AF60A5223CE99ED002BE3C8 /* Application */ = {
			isa = PBXGroup;
			children = (
				4AF60A2223CE9998002BE3C8 /* AppDelegate.swift */,
				4AF60A2423CE9998002BE3C8 /* SceneDelegate.swift */,
				4AF60A3023CE9999002BE3C8 /* Info.plist */,
				4AF60A5423CEA6B0002BE3C8 /* ApplicationCoordinator.swift */,
			);
			path = Application;
			sourceTree = "<group>";
		};
		4AF60A5323CE9A3F002BE3C8 /* Supporting Files */ = {
			isa = PBXGroup;
			children = (
				4AF60A6823CEAEC3002BE3C8 /* top.json */,
				4AF60A2B23CE9999002BE3C8 /* Assets.xcassets */,
				4AF60A2D23CE9999002BE3C8 /* LaunchScreen.storyboard */,
			);
			path = "Supporting Files";
			sourceTree = "<group>";
		};
		4AF60A5923CEA7EB002BE3C8 /* Protocols */ = {
			isa = PBXGroup;
			children = (
				4AF60A5A23CEA7FA002BE3C8 /* Coordinator.swift */,
			);
			path = Protocols;
			sourceTree = "<group>";
		};
		4AF60A5C23CEA831002BE3C8 /* PostList */ = {
			isa = PBXGroup;
			children = (
				4AF60A5D23CEA887002BE3C8 /* PostListViewController.swift */,
				4AF60A5F23CEA895002BE3C8 /* PostListViewController.storyboard */,
				4AF60A6123CEA8B2002BE3C8 /* PostListViewModel.swift */,
				4AF60A6323CEA8BE002BE3C8 /* PostListCoordinator.swift */,
			);
			path = PostList;
			sourceTree = "<group>";
		};
		4AF60A6523CEAE79002BE3C8 /* Helpers */ = {
			isa = PBXGroup;
			children = (
				4AF60A6623CEAE89002BE3C8 /* DataManager.swift */,
			);
			path = Helpers;
			sourceTree = "<group>";
		};
		4AF60A6A23CEAED8002BE3C8 /* Model */ = {
			isa = PBXGroup;
			children = (
				4AF60A6B23CEAEF8002BE3C8 /* RedditResponse.swift */,
				4AF60A6D23CEAF1B002BE3C8 /* TopPostData.swift */,
				4AF60A6F23CEAF34002BE3C8 /* TopPostChildren.swift */,
				4AF60A7123CEAF4A002BE3C8 /* Post.swift */,
			);
			path = Model;
			sourceTree = "<group>";
		};
/* End PBXGroup section */

/* Begin PBXNativeTarget section */
		4AF60A1E23CE9998002BE3C8 /* Deviget-Challenge */ = {
			isa = PBXNativeTarget;
			buildConfigurationList = 4AF60A4923CE9999002BE3C8 /* Build configuration list for PBXNativeTarget "Deviget-Challenge" */;
			buildPhases = (
				4AF60A1B23CE9998002BE3C8 /* Sources */,
				4AF60A1C23CE9998002BE3C8 /* Frameworks */,
				4AF60A1D23CE9998002BE3C8 /* Resources */,
			);
			buildRules = (
			);
			dependencies = (
			);
			name = "Deviget-Challenge";
			productName = "Deviget-Challenge";
			productReference = 4AF60A1F23CE9998002BE3C8 /* Deviget-Challenge.app */;
			productType = "com.apple.product-type.application";
		};
		4AF60A3423CE9999002BE3C8 /* Deviget-ChallengeTests */ = {
			isa = PBXNativeTarget;
			buildConfigurationList = 4AF60A4C23CE9999002BE3C8 /* Build configuration list for PBXNativeTarget "Deviget-ChallengeTests" */;
			buildPhases = (
				4AF60A3123CE9999002BE3C8 /* Sources */,
				4AF60A3223CE9999002BE3C8 /* Frameworks */,
				4AF60A3323CE9999002BE3C8 /* Resources */,
			);
			buildRules = (
			);
			dependencies = (
				4AF60A3723CE9999002BE3C8 /* PBXTargetDependency */,
			);
			name = "Deviget-ChallengeTests";
			productName = "Deviget-ChallengeTests";
			productReference = 4AF60A3523CE9999002BE3C8 /* Deviget-ChallengeTests.xctest */;
			productType = "com.apple.product-type.bundle.unit-test";
		};
		4AF60A3F23CE9999002BE3C8 /* Deviget-ChallengeUITests */ = {
			isa = PBXNativeTarget;
			buildConfigurationList = 4AF60A4F23CE9999002BE3C8 /* Build configuration list for PBXNativeTarget "Deviget-ChallengeUITests" */;
			buildPhases = (
				4AF60A3C23CE9999002BE3C8 /* Sources */,
				4AF60A3D23CE9999002BE3C8 /* Frameworks */,
				4AF60A3E23CE9999002BE3C8 /* Resources */,
			);
			buildRules = (
			);
			dependencies = (
				4AF60A4223CE9999002BE3C8 /* PBXTargetDependency */,
			);
			name = "Deviget-ChallengeUITests";
			productName = "Deviget-ChallengeUITests";
			productReference = 4AF60A4023CE9999002BE3C8 /* Deviget-ChallengeUITests.xctest */;
			productType = "com.apple.product-type.bundle.ui-testing";
		};
/* End PBXNativeTarget section */

/* Begin PBXProject section */
		4AF60A1723CE9998002BE3C8 /* Project object */ = {
			isa = PBXProject;
			attributes = {
				LastSwiftUpdateCheck = 1100;
				LastUpgradeCheck = 1100;
				ORGANIZATIONNAME = GastonDippoliti;
				TargetAttributes = {
					4AF60A1E23CE9998002BE3C8 = {
						CreatedOnToolsVersion = 11.0;
					};
					4AF60A3423CE9999002BE3C8 = {
						CreatedOnToolsVersion = 11.0;
						TestTargetID = 4AF60A1E23CE9998002BE3C8;
					};
					4AF60A3F23CE9999002BE3C8 = {
						CreatedOnToolsVersion = 11.0;
						TestTargetID = 4AF60A1E23CE9998002BE3C8;
					};
				};
			};
			buildConfigurationList = 4AF60A1A23CE9998002BE3C8 /* Build configuration list for PBXProject "Deviget-Challenge" */;
			compatibilityVersion = "Xcode 9.3";
			developmentRegion = en;
			hasScannedForEncodings = 0;
			knownRegions = (
				en,
				Base,
			);
			mainGroup = 4AF60A1623CE9998002BE3C8;
			productRefGroup = 4AF60A2023CE9998002BE3C8 /* Products */;
			projectDirPath = "";
			projectRoot = "";
			targets = (
				4AF60A1E23CE9998002BE3C8 /* Deviget-Challenge */,
				4AF60A3423CE9999002BE3C8 /* Deviget-ChallengeTests */,
				4AF60A3F23CE9999002BE3C8 /* Deviget-ChallengeUITests */,
			);
		};
/* End PBXProject section */

/* Begin PBXResourcesBuildPhase section */
		4AF60A1D23CE9998002BE3C8 /* Resources */ = {
			isa = PBXResourcesBuildPhase;
			buildActionMask = 2147483647;
			files = (
				4AF60A2F23CE9999002BE3C8 /* LaunchScreen.storyboard in Resources */,
				4AF60A2C23CE9999002BE3C8 /* Assets.xcassets in Resources */,
				4AF60A6023CEA895002BE3C8 /* PostListViewController.storyboard in Resources */,
				4AF60A6923CEAEC3002BE3C8 /* top.json in Resources */,
			);
			runOnlyForDeploymentPostprocessing = 0;
		};
		4AF60A3323CE9999002BE3C8 /* Resources */ = {
			isa = PBXResourcesBuildPhase;
			buildActionMask = 2147483647;
			files = (
			);
			runOnlyForDeploymentPostprocessing = 0;
		};
		4AF60A3E23CE9999002BE3C8 /* Resources */ = {
			isa = PBXResourcesBuildPhase;
			buildActionMask = 2147483647;
			files = (
			);
			runOnlyForDeploymentPostprocessing = 0;
		};
/* End PBXResourcesBuildPhase section */

/* Begin PBXSourcesBuildPhase section */
		4AF60A1B23CE9998002BE3C8 /* Sources */ = {
			isa = PBXSourcesBuildPhase;
			buildActionMask = 2147483647;
			files = (
				4AF60A5B23CEA7FA002BE3C8 /* Coordinator.swift in Sources */,
				4AF60A6723CEAE89002BE3C8 /* DataManager.swift in Sources */,
				4AF60A6C23CEAEF8002BE3C8 /* RedditResponse.swift in Sources */,
				4AF60A7223CEAF4A002BE3C8 /* Post.swift in Sources */,
				4AF60A7023CEAF34002BE3C8 /* TopPostChildren.swift in Sources */,
				4AF60A6E23CEAF1B002BE3C8 /* TopPostData.swift in Sources */,
				4AF60A5E23CEA887002BE3C8 /* PostListViewController.swift in Sources */,
				4AF60A6423CEA8BE002BE3C8 /* PostListCoordinator.swift in Sources */,
				4AF60A6223CEA8B2002BE3C8 /* PostListViewModel.swift in Sources */,
				4AF60A2323CE9998002BE3C8 /* AppDelegate.swift in Sources */,
				4AF60A2523CE9998002BE3C8 /* SceneDelegate.swift in Sources */,
				4AF60A5523CEA6B0002BE3C8 /* ApplicationCoordinator.swift in Sources */,
			);
			runOnlyForDeploymentPostprocessing = 0;
		};
		4AF60A3123CE9999002BE3C8 /* Sources */ = {
			isa = PBXSourcesBuildPhase;
			buildActionMask = 2147483647;
			files = (
				4AF60A3A23CE9999002BE3C8 /* Deviget_ChallengeTests.swift in Sources */,
			);
			runOnlyForDeploymentPostprocessing = 0;
		};
		4AF60A3C23CE9999002BE3C8 /* Sources */ = {
			isa = PBXSourcesBuildPhase;
			buildActionMask = 2147483647;
			files = (
				4AF60A4523CE9999002BE3C8 /* Deviget_ChallengeUITests.swift in Sources */,
			);
			runOnlyForDeploymentPostprocessing = 0;
		};
/* End PBXSourcesBuildPhase section */

/* Begin PBXTargetDependency section */
		4AF60A3723CE9999002BE3C8 /* PBXTargetDependency */ = {
			isa = PBXTargetDependency;
			target = 4AF60A1E23CE9998002BE3C8 /* Deviget-Challenge */;
			targetProxy = 4AF60A3623CE9999002BE3C8 /* PBXContainerItemProxy */;
		};
		4AF60A4223CE9999002BE3C8 /* PBXTargetDependency */ = {
			isa = PBXTargetDependency;
			target = 4AF60A1E23CE9998002BE3C8 /* Deviget-Challenge */;
			targetProxy = 4AF60A4123CE9999002BE3C8 /* PBXContainerItemProxy */;
		};
/* End PBXTargetDependency section */

/* Begin PBXVariantGroup section */
		4AF60A2D23CE9999002BE3C8 /* LaunchScreen.storyboard */ = {
			isa = PBXVariantGroup;
			children = (
				4AF60A2E23CE9999002BE3C8 /* Base */,
			);
			name = LaunchScreen.storyboard;
			sourceTree = "<group>";
		};
/* End PBXVariantGroup section */

/* Begin XCBuildConfiguration section */
		4AF60A4723CE9999002BE3C8 /* Debug */ = {
			isa = XCBuildConfiguration;
			buildSettings = {
				ALWAYS_SEARCH_USER_PATHS = NO;
				CLANG_ANALYZER_NONNULL = YES;
				CLANG_ANALYZER_NUMBER_OBJECT_CONVERSION = YES_AGGRESSIVE;
				CLANG_CXX_LANGUAGE_STANDARD = "gnu++14";
				CLANG_CXX_LIBRARY = "libc++";
				CLANG_ENABLE_MODULES = YES;
				CLANG_ENABLE_OBJC_ARC = YES;
				CLANG_ENABLE_OBJC_WEAK = YES;
				CLANG_WARN_BLOCK_CAPTURE_AUTORELEASING = YES;
				CLANG_WARN_BOOL_CONVERSION = YES;
				CLANG_WARN_COMMA = YES;
				CLANG_WARN_CONSTANT_CONVERSION = YES;
				CLANG_WARN_DEPRECATED_OBJC_IMPLEMENTATIONS = YES;
				CLANG_WARN_DIRECT_OBJC_ISA_USAGE = YES_ERROR;
				CLANG_WARN_DOCUMENTATION_COMMENTS = YES;
				CLANG_WARN_EMPTY_BODY = YES;
				CLANG_WARN_ENUM_CONVERSION = YES;
				CLANG_WARN_INFINITE_RECURSION = YES;
				CLANG_WARN_INT_CONVERSION = YES;
				CLANG_WARN_NON_LITERAL_NULL_CONVERSION = YES;
				CLANG_WARN_OBJC_IMPLICIT_RETAIN_SELF = YES;
				CLANG_WARN_OBJC_LITERAL_CONVERSION = YES;
				CLANG_WARN_OBJC_ROOT_CLASS = YES_ERROR;
				CLANG_WARN_RANGE_LOOP_ANALYSIS = YES;
				CLANG_WARN_STRICT_PROTOTYPES = YES;
				CLANG_WARN_SUSPICIOUS_MOVE = YES;
				CLANG_WARN_UNGUARDED_AVAILABILITY = YES_AGGRESSIVE;
				CLANG_WARN_UNREACHABLE_CODE = YES;
				CLANG_WARN__DUPLICATE_METHOD_MATCH = YES;
				COPY_PHASE_STRIP = NO;
				DEBUG_INFORMATION_FORMAT = dwarf;
				ENABLE_STRICT_OBJC_MSGSEND = YES;
				ENABLE_TESTABILITY = YES;
				GCC_C_LANGUAGE_STANDARD = gnu11;
				GCC_DYNAMIC_NO_PIC = NO;
				GCC_NO_COMMON_BLOCKS = YES;
				GCC_OPTIMIZATION_LEVEL = 0;
				GCC_PREPROCESSOR_DEFINITIONS = (
					"DEBUG=1",
					"$(inherited)",
				);
				GCC_WARN_64_TO_32_BIT_CONVERSION = YES;
				GCC_WARN_ABOUT_RETURN_TYPE = YES_ERROR;
				GCC_WARN_UNDECLARED_SELECTOR = YES;
				GCC_WARN_UNINITIALIZED_AUTOS = YES_AGGRESSIVE;
				GCC_WARN_UNUSED_FUNCTION = YES;
				GCC_WARN_UNUSED_VARIABLE = YES;
				IPHONEOS_DEPLOYMENT_TARGET = 13.0;
				MTL_ENABLE_DEBUG_INFO = INCLUDE_SOURCE;
				MTL_FAST_MATH = YES;
				ONLY_ACTIVE_ARCH = YES;
				SDKROOT = iphoneos;
				SWIFT_ACTIVE_COMPILATION_CONDITIONS = DEBUG;
				SWIFT_OPTIMIZATION_LEVEL = "-Onone";
			};
			name = Debug;
		};
		4AF60A4823CE9999002BE3C8 /* Release */ = {
			isa = XCBuildConfiguration;
			buildSettings = {
				ALWAYS_SEARCH_USER_PATHS = NO;
				CLANG_ANALYZER_NONNULL = YES;
				CLANG_ANALYZER_NUMBER_OBJECT_CONVERSION = YES_AGGRESSIVE;
				CLANG_CXX_LANGUAGE_STANDARD = "gnu++14";
				CLANG_CXX_LIBRARY = "libc++";
				CLANG_ENABLE_MODULES = YES;
				CLANG_ENABLE_OBJC_ARC = YES;
				CLANG_ENABLE_OBJC_WEAK = YES;
				CLANG_WARN_BLOCK_CAPTURE_AUTORELEASING = YES;
				CLANG_WARN_BOOL_CONVERSION = YES;
				CLANG_WARN_COMMA = YES;
				CLANG_WARN_CONSTANT_CONVERSION = YES;
				CLANG_WARN_DEPRECATED_OBJC_IMPLEMENTATIONS = YES;
				CLANG_WARN_DIRECT_OBJC_ISA_USAGE = YES_ERROR;
				CLANG_WARN_DOCUMENTATION_COMMENTS = YES;
				CLANG_WARN_EMPTY_BODY = YES;
				CLANG_WARN_ENUM_CONVERSION = YES;
				CLANG_WARN_INFINITE_RECURSION = YES;
				CLANG_WARN_INT_CONVERSION = YES;
				CLANG_WARN_NON_LITERAL_NULL_CONVERSION = YES;
				CLANG_WARN_OBJC_IMPLICIT_RETAIN_SELF = YES;
				CLANG_WARN_OBJC_LITERAL_CONVERSION = YES;
				CLANG_WARN_OBJC_ROOT_CLASS = YES_ERROR;
				CLANG_WARN_RANGE_LOOP_ANALYSIS = YES;
				CLANG_WARN_STRICT_PROTOTYPES = YES;
				CLANG_WARN_SUSPICIOUS_MOVE = YES;
				CLANG_WARN_UNGUARDED_AVAILABILITY = YES_AGGRESSIVE;
				CLANG_WARN_UNREACHABLE_CODE = YES;
				CLANG_WARN__DUPLICATE_METHOD_MATCH = YES;
				COPY_PHASE_STRIP = NO;
				DEBUG_INFORMATION_FORMAT = "dwarf-with-dsym";
				ENABLE_NS_ASSERTIONS = NO;
				ENABLE_STRICT_OBJC_MSGSEND = YES;
				GCC_C_LANGUAGE_STANDARD = gnu11;
				GCC_NO_COMMON_BLOCKS = YES;
				GCC_WARN_64_TO_32_BIT_CONVERSION = YES;
				GCC_WARN_ABOUT_RETURN_TYPE = YES_ERROR;
				GCC_WARN_UNDECLARED_SELECTOR = YES;
				GCC_WARN_UNINITIALIZED_AUTOS = YES_AGGRESSIVE;
				GCC_WARN_UNUSED_FUNCTION = YES;
				GCC_WARN_UNUSED_VARIABLE = YES;
				IPHONEOS_DEPLOYMENT_TARGET = 13.0;
				MTL_ENABLE_DEBUG_INFO = NO;
				MTL_FAST_MATH = YES;
				SDKROOT = iphoneos;
				SWIFT_COMPILATION_MODE = wholemodule;
				SWIFT_OPTIMIZATION_LEVEL = "-O";
				VALIDATE_PRODUCT = YES;
			};
			name = Release;
		};
		4AF60A4A23CE9999002BE3C8 /* Debug */ = {
			isa = XCBuildConfiguration;
			buildSettings = {
				ASSETCATALOG_COMPILER_APPICON_NAME = AppIcon;
				CODE_SIGN_STYLE = Automatic;
				DEVELOPMENT_TEAM = QGUA526U5V;
				INFOPLIST_FILE = "Deviget-Challenge/Application/Info.plist";
				LD_RUNPATH_SEARCH_PATHS = (
					"$(inherited)",
					"@executable_path/Frameworks",
				);
				PRODUCT_BUNDLE_IDENTIFIER = "GDI.Deviget-Challenge";
				PRODUCT_NAME = "$(TARGET_NAME)";
				SWIFT_VERSION = 5.0;
				TARGETED_DEVICE_FAMILY = "1,2";
			};
			name = Debug;
		};
		4AF60A4B23CE9999002BE3C8 /* Release */ = {
			isa = XCBuildConfiguration;
			buildSettings = {
				ASSETCATALOG_COMPILER_APPICON_NAME = AppIcon;
				CODE_SIGN_STYLE = Automatic;
				DEVELOPMENT_TEAM = QGUA526U5V;
				INFOPLIST_FILE = "Deviget-Challenge/Application/Info.plist";
				LD_RUNPATH_SEARCH_PATHS = (
					"$(inherited)",
					"@executable_path/Frameworks",
				);
				PRODUCT_BUNDLE_IDENTIFIER = "GDI.Deviget-Challenge";
				PRODUCT_NAME = "$(TARGET_NAME)";
				SWIFT_VERSION = 5.0;
				TARGETED_DEVICE_FAMILY = "1,2";
			};
			name = Release;
		};
		4AF60A4D23CE9999002BE3C8 /* Debug */ = {
			isa = XCBuildConfiguration;
			buildSettings = {
				ALWAYS_EMBED_SWIFT_STANDARD_LIBRARIES = YES;
				BUNDLE_LOADER = "$(TEST_HOST)";
				CODE_SIGN_STYLE = Automatic;
				DEVELOPMENT_TEAM = QGUA526U5V;
				INFOPLIST_FILE = "Deviget-ChallengeTests/Info.plist";
				IPHONEOS_DEPLOYMENT_TARGET = 13.0;
				LD_RUNPATH_SEARCH_PATHS = (
					"$(inherited)",
					"@executable_path/Frameworks",
					"@loader_path/Frameworks",
				);
				PRODUCT_BUNDLE_IDENTIFIER = "GDI.Deviget-ChallengeTests";
				PRODUCT_NAME = "$(TARGET_NAME)";
				SWIFT_VERSION = 5.0;
				TARGETED_DEVICE_FAMILY = "1,2";
				TEST_HOST = "$(BUILT_PRODUCTS_DIR)/Deviget-Challenge.app/Deviget-Challenge";
			};
			name = Debug;
		};
		4AF60A4E23CE9999002BE3C8 /* Release */ = {
			isa = XCBuildConfiguration;
			buildSettings = {
				ALWAYS_EMBED_SWIFT_STANDARD_LIBRARIES = YES;
				BUNDLE_LOADER = "$(TEST_HOST)";
				CODE_SIGN_STYLE = Automatic;
				DEVELOPMENT_TEAM = QGUA526U5V;
				INFOPLIST_FILE = "Deviget-ChallengeTests/Info.plist";
				IPHONEOS_DEPLOYMENT_TARGET = 13.0;
				LD_RUNPATH_SEARCH_PATHS = (
					"$(inherited)",
					"@executable_path/Frameworks",
					"@loader_path/Frameworks",
				);
				PRODUCT_BUNDLE_IDENTIFIER = "GDI.Deviget-ChallengeTests";
				PRODUCT_NAME = "$(TARGET_NAME)";
				SWIFT_VERSION = 5.0;
				TARGETED_DEVICE_FAMILY = "1,2";
				TEST_HOST = "$(BUILT_PRODUCTS_DIR)/Deviget-Challenge.app/Deviget-Challenge";
			};
			name = Release;
		};
		4AF60A5023CE9999002BE3C8 /* Debug */ = {
			isa = XCBuildConfiguration;
			buildSettings = {
				ALWAYS_EMBED_SWIFT_STANDARD_LIBRARIES = YES;
				CODE_SIGN_STYLE = Automatic;
				DEVELOPMENT_TEAM = QGUA526U5V;
				INFOPLIST_FILE = "Deviget-ChallengeUITests/Info.plist";
				LD_RUNPATH_SEARCH_PATHS = (
					"$(inherited)",
					"@executable_path/Frameworks",
					"@loader_path/Frameworks",
				);
				PRODUCT_BUNDLE_IDENTIFIER = "GDI.Deviget-ChallengeUITests";
				PRODUCT_NAME = "$(TARGET_NAME)";
				SWIFT_VERSION = 5.0;
				TARGETED_DEVICE_FAMILY = "1,2";
				TEST_TARGET_NAME = "Deviget-Challenge";
			};
			name = Debug;
		};
		4AF60A5123CE9999002BE3C8 /* Release */ = {
			isa = XCBuildConfiguration;
			buildSettings = {
				ALWAYS_EMBED_SWIFT_STANDARD_LIBRARIES = YES;
				CODE_SIGN_STYLE = Automatic;
				DEVELOPMENT_TEAM = QGUA526U5V;
				INFOPLIST_FILE = "Deviget-ChallengeUITests/Info.plist";
				LD_RUNPATH_SEARCH_PATHS = (
					"$(inherited)",
					"@executable_path/Frameworks",
					"@loader_path/Frameworks",
				);
				PRODUCT_BUNDLE_IDENTIFIER = "GDI.Deviget-ChallengeUITests";
				PRODUCT_NAME = "$(TARGET_NAME)";
				SWIFT_VERSION = 5.0;
				TARGETED_DEVICE_FAMILY = "1,2";
				TEST_TARGET_NAME = "Deviget-Challenge";
			};
			name = Release;
		};
/* End XCBuildConfiguration section */

/* Begin XCConfigurationList section */
		4AF60A1A23CE9998002BE3C8 /* Build configuration list for PBXProject "Deviget-Challenge" */ = {
			isa = XCConfigurationList;
			buildConfigurations = (
				4AF60A4723CE9999002BE3C8 /* Debug */,
				4AF60A4823CE9999002BE3C8 /* Release */,
			);
			defaultConfigurationIsVisible = 0;
			defaultConfigurationName = Release;
		};
		4AF60A4923CE9999002BE3C8 /* Build configuration list for PBXNativeTarget "Deviget-Challenge" */ = {
			isa = XCConfigurationList;
			buildConfigurations = (
				4AF60A4A23CE9999002BE3C8 /* Debug */,
				4AF60A4B23CE9999002BE3C8 /* Release */,
			);
			defaultConfigurationIsVisible = 0;
			defaultConfigurationName = Release;
		};
		4AF60A4C23CE9999002BE3C8 /* Build configuration list for PBXNativeTarget "Deviget-ChallengeTests" */ = {
			isa = XCConfigurationList;
			buildConfigurations = (
				4AF60A4D23CE9999002BE3C8 /* Debug */,
				4AF60A4E23CE9999002BE3C8 /* Release */,
			);
			defaultConfigurationIsVisible = 0;
			defaultConfigurationName = Release;
		};
		4AF60A4F23CE9999002BE3C8 /* Build configuration list for PBXNativeTarget "Deviget-ChallengeUITests" */ = {
			isa = XCConfigurationList;
			buildConfigurations = (
				4AF60A5023CE9999002BE3C8 /* Debug */,
				4AF60A5123CE9999002BE3C8 /* Release */,
			);
			defaultConfigurationIsVisible = 0;
			defaultConfigurationName = Release;
		};
/* End XCConfigurationList section */
	};
	rootObject = 4AF60A1723CE9998002BE3C8 /* Project object */;
}
